
Microsoft Visual Studio Solution File, Format Version 12.00
# Visual Studio 14
VisualStudioVersion = 14.0.25420.1
MinimumVisualStudioVersion = 10.0.40219.1
Project("{FAE04EC0-301F-11D3-BF4B-00C04F79EFBC}") = "TimeReportView", "TimeReportView\TimeReportView.csproj", "{0C98B285-BC68-4BF1-86EB-29B8D9A00C28}"
EndProject
Project("{2150E333-8FDC-42A3-9474-1A3956D46DE8}") = "UnitTests", "UnitTests", "{5E9082DF-AAA9-4D0A-9F1B-51096998E21E}"
EndProject
Global
	GlobalSection(SolutionConfigurationPlatforms) = preSolution
		Debug|Any CPU = Debug|Any CPU
		Release|Any CPU = Release|Any CPU
	EndGlobalSection
	GlobalSection(ProjectConfigurationPlatforms) = postSolution
		{0C98B285-BC68-4BF1-86EB-29B8D9A00C28}.Debug|Any CPU.ActiveCfg = Debug|Any CPU
		{0C98B285-BC68-4BF1-86EB-29B8D9A00C28}.Debug|Any CPU.Build.0 = Debug|Any CPU
		{0C98B285-BC68-4BF1-86EB-29B8D9A00C28}.Release|Any CPU.ActiveCfg = Release|Any CPU
		{0C98B285-BC68-4BF1-86EB-29B8D9A00C28}.Release|Any CPU.Build.0 = Release|Any CPU
	EndGlobalSection
	GlobalSection(SolutionProperties) = preSolution
		HideSolutionNode = FALSE
	EndGlobalSection
EndGlobal
