
Microsoft Visual Studio Solution File, Format Version 12.00
# Visual Studio 14
VisualStudioVersion = 14.0.25420.1
MinimumVisualStudioVersion = 10.0.40219.1
Project("{FAE04EC0-301F-11D3-BF4B-00C04F79EFBC}") = "TimeReport.DesktopView", "TimeReport.DesktopView\TimeReport.DesktopView.csproj", "{0C98B285-BC68-4BF1-86EB-29B8D9A00C28}"
EndProject
Project("{2150E333-8FDC-42A3-9474-1A3956D46DE8}") = "Solution Items", "Solution Items", "{2EE180F1-1C5F-4F18-81D7-6DAA57CD4DB1}"
	ProjectSection(SolutionItems) = preProject
		TODO.txt = TODO.txt
	EndProjectSection
EndProject
Project("{00D1A9C2-B5F0-4AF3-8072-F6C62B433612}") = "TimeReport.Database", "TimeReport.Database\TimeReport.Database.sqlproj", "{26395CEF-23A8-404C-8826-67A91530D256}"
EndProject
Project("{F2A71F9B-5D33-465A-A702-920D77279786}") = "TimeReport.StatisticsEngine", "TimeReport.StatisticsEngine\TimeReport.StatisticsEngine.fsproj", "{3AD665D4-A368-42FB-B8FC-287C5C4DB623}"
EndProject
Project("{FAE04EC0-301F-11D3-BF4B-00C04F79EFBC}") = "TimeReport.Core", "TimeReport.Core\TimeReport.Core.csproj", "{7C1629D6-A0EC-4922-9814-C6E686CF7AAE}"
EndProject
Project("{FAE04EC0-301F-11D3-BF4B-00C04F79EFBC}") = "Tests", "Tests\Tests.csproj", "{4D19DD99-D82C-4522-BDEB-CF107D060B2F}"
EndProject
Project("{FAE04EC0-301F-11D3-BF4B-00C04F79EFBC}") = "TimeReport.MobileView", "TimeReport.MobileView\TimeReport.MobileView.csproj", "{18813A17-56AD-4A99-A08A-CF838E108156}"
EndProject
Global
	GlobalSection(SolutionConfigurationPlatforms) = preSolution
		Debug|Any CPU = Debug|Any CPU
		Debug|x86 = Debug|x86
		Release|Any CPU = Release|Any CPU
		Release|x86 = Release|x86
	EndGlobalSection
	GlobalSection(ProjectConfigurationPlatforms) = postSolution
		{0C98B285-BC68-4BF1-86EB-29B8D9A00C28}.Debug|Any CPU.ActiveCfg = Debug|Any CPU
		{0C98B285-BC68-4BF1-86EB-29B8D9A00C28}.Debug|Any CPU.Build.0 = Debug|Any CPU
		{0C98B285-BC68-4BF1-86EB-29B8D9A00C28}.Debug|x86.ActiveCfg = Debug|Any CPU
		{0C98B285-BC68-4BF1-86EB-29B8D9A00C28}.Debug|x86.Build.0 = Debug|Any CPU
		{0C98B285-BC68-4BF1-86EB-29B8D9A00C28}.Release|Any CPU.ActiveCfg = Release|Any CPU
		{0C98B285-BC68-4BF1-86EB-29B8D9A00C28}.Release|Any CPU.Build.0 = Release|Any CPU
		{0C98B285-BC68-4BF1-86EB-29B8D9A00C28}.Release|x86.ActiveCfg = Release|Any CPU
		{0C98B285-BC68-4BF1-86EB-29B8D9A00C28}.Release|x86.Build.0 = Release|Any CPU
		{26395CEF-23A8-404C-8826-67A91530D256}.Debug|Any CPU.ActiveCfg = Debug|Any CPU
		{26395CEF-23A8-404C-8826-67A91530D256}.Debug|Any CPU.Build.0 = Debug|Any CPU
		{26395CEF-23A8-404C-8826-67A91530D256}.Debug|Any CPU.Deploy.0 = Debug|Any CPU
		{26395CEF-23A8-404C-8826-67A91530D256}.Debug|x86.ActiveCfg = Debug|Any CPU
		{26395CEF-23A8-404C-8826-67A91530D256}.Debug|x86.Build.0 = Debug|Any CPU
		{26395CEF-23A8-404C-8826-67A91530D256}.Debug|x86.Deploy.0 = Debug|Any CPU
		{26395CEF-23A8-404C-8826-67A91530D256}.Release|Any CPU.ActiveCfg = Release|Any CPU
		{26395CEF-23A8-404C-8826-67A91530D256}.Release|Any CPU.Build.0 = Release|Any CPU
		{26395CEF-23A8-404C-8826-67A91530D256}.Release|Any CPU.Deploy.0 = Release|Any CPU
		{26395CEF-23A8-404C-8826-67A91530D256}.Release|x86.ActiveCfg = Release|Any CPU
		{26395CEF-23A8-404C-8826-67A91530D256}.Release|x86.Build.0 = Release|Any CPU
		{26395CEF-23A8-404C-8826-67A91530D256}.Release|x86.Deploy.0 = Release|Any CPU
		{3AD665D4-A368-42FB-B8FC-287C5C4DB623}.Debug|Any CPU.ActiveCfg = Debug|Any CPU
		{3AD665D4-A368-42FB-B8FC-287C5C4DB623}.Debug|Any CPU.Build.0 = Debug|Any CPU
		{3AD665D4-A368-42FB-B8FC-287C5C4DB623}.Debug|x86.ActiveCfg = Debug|Any CPU
		{3AD665D4-A368-42FB-B8FC-287C5C4DB623}.Debug|x86.Build.0 = Debug|Any CPU
		{3AD665D4-A368-42FB-B8FC-287C5C4DB623}.Release|Any CPU.ActiveCfg = Release|Any CPU
		{3AD665D4-A368-42FB-B8FC-287C5C4DB623}.Release|Any CPU.Build.0 = Release|Any CPU
		{3AD665D4-A368-42FB-B8FC-287C5C4DB623}.Release|x86.ActiveCfg = Release|Any CPU
		{3AD665D4-A368-42FB-B8FC-287C5C4DB623}.Release|x86.Build.0 = Release|Any CPU
		{7C1629D6-A0EC-4922-9814-C6E686CF7AAE}.Debug|Any CPU.ActiveCfg = Debug|Any CPU
		{7C1629D6-A0EC-4922-9814-C6E686CF7AAE}.Debug|Any CPU.Build.0 = Debug|Any CPU
		{7C1629D6-A0EC-4922-9814-C6E686CF7AAE}.Debug|x86.ActiveCfg = Debug|Any CPU
		{7C1629D6-A0EC-4922-9814-C6E686CF7AAE}.Debug|x86.Build.0 = Debug|Any CPU
		{7C1629D6-A0EC-4922-9814-C6E686CF7AAE}.Release|Any CPU.ActiveCfg = Release|Any CPU
		{7C1629D6-A0EC-4922-9814-C6E686CF7AAE}.Release|Any CPU.Build.0 = Release|Any CPU
		{7C1629D6-A0EC-4922-9814-C6E686CF7AAE}.Release|x86.ActiveCfg = Release|Any CPU
		{7C1629D6-A0EC-4922-9814-C6E686CF7AAE}.Release|x86.Build.0 = Release|Any CPU
		{4D19DD99-D82C-4522-BDEB-CF107D060B2F}.Debug|Any CPU.ActiveCfg = Debug|Any CPU
		{4D19DD99-D82C-4522-BDEB-CF107D060B2F}.Debug|Any CPU.Build.0 = Debug|Any CPU
		{4D19DD99-D82C-4522-BDEB-CF107D060B2F}.Debug|x86.ActiveCfg = Debug|Any CPU
		{4D19DD99-D82C-4522-BDEB-CF107D060B2F}.Debug|x86.Build.0 = Debug|Any CPU
		{4D19DD99-D82C-4522-BDEB-CF107D060B2F}.Release|Any CPU.ActiveCfg = Release|Any CPU
		{4D19DD99-D82C-4522-BDEB-CF107D060B2F}.Release|Any CPU.Build.0 = Release|Any CPU
		{4D19DD99-D82C-4522-BDEB-CF107D060B2F}.Release|x86.ActiveCfg = Release|Any CPU
		{4D19DD99-D82C-4522-BDEB-CF107D060B2F}.Release|x86.Build.0 = Release|Any CPU
		{18813A17-56AD-4A99-A08A-CF838E108156}.Debug|Any CPU.ActiveCfg = Debug|Any CPU
		{18813A17-56AD-4A99-A08A-CF838E108156}.Debug|Any CPU.Build.0 = Debug|Any CPU
		{18813A17-56AD-4A99-A08A-CF838E108156}.Debug|Any CPU.Deploy.0 = Debug|Any CPU
		{18813A17-56AD-4A99-A08A-CF838E108156}.Debug|x86.ActiveCfg = Debug|Any CPU
		{18813A17-56AD-4A99-A08A-CF838E108156}.Debug|x86.Build.0 = Debug|Any CPU
		{18813A17-56AD-4A99-A08A-CF838E108156}.Debug|x86.Deploy.0 = Debug|Any CPU
		{18813A17-56AD-4A99-A08A-CF838E108156}.Release|Any CPU.ActiveCfg = Release|Any CPU
		{18813A17-56AD-4A99-A08A-CF838E108156}.Release|Any CPU.Build.0 = Release|Any CPU
		{18813A17-56AD-4A99-A08A-CF838E108156}.Release|Any CPU.Deploy.0 = Release|Any CPU
		{18813A17-56AD-4A99-A08A-CF838E108156}.Release|x86.ActiveCfg = Release|Any CPU
		{18813A17-56AD-4A99-A08A-CF838E108156}.Release|x86.Build.0 = Release|Any CPU
		{18813A17-56AD-4A99-A08A-CF838E108156}.Release|x86.Deploy.0 = Release|Any CPU
	EndGlobalSection
	GlobalSection(SolutionProperties) = preSolution
		HideSolutionNode = FALSE
	EndGlobalSection
EndGlobal
